// !$*UTF8*$!
{
	archiveVersion = 1;
	classes = {
	};
	objectVersion = 46;
	objects = {

/* Begin PBXBuildFile section */
		EDC9E9261EA5FF2500A47A4B /* main.m in Sources */ = {isa = PBXBuildFile; fileRef = EDC9E9251EA5FF2500A47A4B /* main.m */; };
		EDC9E9291EA5FF2500A47A4B /* AppDelegate.m in Sources */ = {isa = PBXBuildFile; fileRef = EDC9E9281EA5FF2500A47A4B /* AppDelegate.m */; };
		EDC9E92C1EA5FF2500A47A4B /* ViewController.m in Sources */ = {isa = PBXBuildFile; fileRef = EDC9E92B1EA5FF2500A47A4B /* ViewController.m */; };
		EDC9E92F1EA5FF2500A47A4B /* Main.storyboard in Resources */ = {isa = PBXBuildFile; fileRef = EDC9E92D1EA5FF2500A47A4B /* Main.storyboard */; };
		EDC9E9311EA5FF2500A47A4B /* Assets.xcassets in Resources */ = {isa = PBXBuildFile; fileRef = EDC9E9301EA5FF2500A47A4B /* Assets.xcassets */; };
		EDC9E9341EA5FF2500A47A4B /* LaunchScreen.storyboard in Resources */ = {isa = PBXBuildFile; fileRef = EDC9E9321EA5FF2500A47A4B /* LaunchScreen.storyboard */; };
/* End PBXBuildFile section */

/* Begin PBXFileReference section */
		EDC9E9211EA5FF2500A47A4B /* RLQuickLoginHelper.app */ = {isa = PBXFileReference; explicitFileType = wrapper.application; includeInIndex = 0; path = RLQuickLoginHelper.app; sourceTree = BUILT_PRODUCTS_DIR; };
		EDC9E9251EA5FF2500A47A4B /* main.m */ = {isa = PBXFileReference; lastKnownFileType = sourcecode.c.objc; path = main.m; sourceTree = "<group>"; };
		EDC9E9271EA5FF2500A47A4B /* AppDelegate.h */ = {isa = PBXFileReference; lastKnownFileType = sourcecode.c.h; path = AppDelegate.h; sourceTree = "<group>"; };
		EDC9E9281EA5FF2500A47A4B /* AppDelegate.m */ = {isa = PBXFileReference; lastKnownFileType = sourcecode.c.objc; path = AppDelegate.m; sourceTree = "<group>"; };
		EDC9E92A1EA5FF2500A47A4B /* ViewController.h */ = {isa = PBXFileReference; lastKnownFileType = sourcecode.c.h; path = ViewController.h; sourceTree = "<group>"; };
		EDC9E92B1EA5FF2500A47A4B /* ViewController.m */ = {isa = PBXFileReference; lastKnownFileType = sourcecode.c.objc; path = ViewController.m; sourceTree = "<group>"; };
		EDC9E92E1EA5FF2500A47A4B /* Base */ = {isa = PBXFileReference; lastKnownFileType = file.storyboard; name = Base; path = Base.lproj/Main.storyboard; sourceTree = "<group>"; };
		EDC9E9301EA5FF2500A47A4B /* Assets.xcassets */ = {isa = PBXFileReference; lastKnownFileType = folder.assetcatalog; path = Assets.xcassets; sourceTree = "<group>"; };
		EDC9E9331EA5FF2500A47A4B /* Base */ = {isa = PBXFileReference; lastKnownFileType = file.storyboard; name = Base; path = Base.lproj/LaunchScreen.storyboard; sourceTree = "<group>"; };
		EDC9E9351EA5FF2500A47A4B /* Info.plist */ = {isa = PBXFileReference; lastKnownFileType = text.plist.xml; path = Info.plist; sourceTree = "<group>"; };
/* End PBXFileReference section */

/* Begin PBXFrameworksBuildPhase section */
		EDC9E91E1EA5FF2500A47A4B /* Frameworks */ = {
			isa = PBXFrameworksBuildPhase;
			buildActionMask = 2147483647;
			files = (
			);
			runOnlyForDeploymentPostprocessing = 0;
		};
/* End PBXFrameworksBuildPhase section */

/* Begin PBXGroup section */
		EDC9E9181EA5FF2500A47A4B = {
			isa = PBXGroup;
			children = (
				EDC9E9231EA5FF2500A47A4B /* RLQuickLoginHelper */,
				EDC9E9221EA5FF2500A47A4B /* Products */,
			);
			sourceTree = "<group>";
		};
		EDC9E9221EA5FF2500A47A4B /* Products */ = {
			isa = PBXGroup;
			children = (
				EDC9E9211EA5FF2500A47A4B /* RLQuickLoginHelper.app */,
			);
			name = Products;
			sourceTree = "<group>";
		};
		EDC9E9231EA5FF2500A47A4B /* RLQuickLoginHelper */ = {
			isa = PBXGroup;
			children = (
				EDC9E9271EA5FF2500A47A4B /* AppDelegate.h */,
				EDC9E9281EA5FF2500A47A4B /* AppDelegate.m */,
				EDC9E92A1EA5FF2500A47A4B /* ViewController.h */,
				EDC9E92B1EA5FF2500A47A4B /* ViewController.m */,
				EDC9E92D1EA5FF2500A47A4B /* Main.storyboard */,
				EDC9E9301EA5FF2500A47A4B /* Assets.xcassets */,
				EDC9E9321EA5FF2500A47A4B /* LaunchScreen.storyboard */,
				EDC9E9351EA5FF2500A47A4B /* Info.plist */,
				EDC9E9241EA5FF2500A47A4B /* Supporting Files */,
			);
			path = RLQuickLoginHelper;
			sourceTree = "<group>";
		};
		EDC9E9241EA5FF2500A47A4B /* Supporting Files */ = {
			isa = PBXGroup;
			children = (
				EDC9E9251EA5FF2500A47A4B /* main.m */,
			);
			name = "Supporting Files";
			sourceTree = "<group>";
		};
/* End PBXGroup section */

/* Begin PBXNativeTarget section */
		EDC9E9201EA5FF2500A47A4B /* RLQuickLoginHelper */ = {
			isa = PBXNativeTarget;
			buildConfigurationList = EDC9E9381EA5FF2500A47A4B /* Build configuration list for PBXNativeTarget "RLQuickLoginHelper" */;
			buildPhases = (
				EDC9E91D1EA5FF2500A47A4B /* Sources */,
				EDC9E91E1EA5FF2500A47A4B /* Frameworks */,
				EDC9E91F1EA5FF2500A47A4B /* Resources */,
			);
			buildRules = (
			);
			dependencies = (
			);
			name = RLQuickLoginHelper;
			productName = RLQuickLoginHelper;
			productReference = EDC9E9211EA5FF2500A47A4B /* RLQuickLoginHelper.app */;
			productType = "com.apple.product-type.application";
		};
/* End PBXNativeTarget section */

/* Begin PBXProject section */
		EDC9E9191EA5FF2500A47A4B /* Project object */ = {
			isa = PBXProject;
			attributes = {
				LastUpgradeCheck = 0830;
				ORGANIZATIONNAME = lwj;
				TargetAttributes = {
					EDC9E9201EA5FF2500A47A4B = {
						CreatedOnToolsVersion = 8.3.1;
						DevelopmentTeam = 3N836J987U;
						ProvisioningStyle = Automatic;
					};
				};
			};
			buildConfigurationList = EDC9E91C1EA5FF2500A47A4B /* Build configuration list for PBXProject "RLQuickLoginHelper" */;
			compatibilityVersion = "Xcode 3.2";
			developmentRegion = English;
			hasScannedForEncodings = 0;
			knownRegions = (
				en,
				Base,
			);
			mainGroup = EDC9E9181EA5FF2500A47A4B;
			productRefGroup = EDC9E9221EA5FF2500A47A4B /* Products */;
			projectDirPath = "";
			projectRoot = "";
			targets = (
				EDC9E9201EA5FF2500A47A4B /* RLQuickLoginHelper */,
			);
		};
/* End PBXProject section */

/* Begin PBXResourcesBuildPhase section */
		EDC9E91F1EA5FF2500A47A4B /* Resources */ = {
			isa = PBXResourcesBuildPhase;
			buildActionMask = 2147483647;
			files = (
				EDC9E9341EA5FF2500A47A4B /* LaunchScreen.storyboard in Resources */,
				EDC9E9311EA5FF2500A47A4B /* Assets.xcassets in Resources */,
				EDC9E92F1EA5FF2500A47A4B /* Main.storyboard in Resources */,
			);
			runOnlyForDeploymentPostprocessing = 0;
		};
/* End PBXResourcesBuildPhase section */

/* Begin PBXSourcesBuildPhase section */
		EDC9E91D1EA5FF2500A47A4B /* Sources */ = {
			isa = PBXSourcesBuildPhase;
			buildActionMask = 2147483647;
			files = (
				EDC9E92C1EA5FF2500A47A4B /* ViewController.m in Sources */,
				EDC9E9291EA5FF2500A47A4B /* AppDelegate.m in Sources */,
				EDC9E9261EA5FF2500A47A4B /* main.m in Sources */,
			);
			runOnlyForDeploymentPostprocessing = 0;
		};
/* End PBXSourcesBuildPhase section */

/* Begin PBXVariantGroup section */
		EDC9E92D1EA5FF2500A47A4B /* Main.storyboard */ = {
			isa = PBXVariantGroup;
			children = (
				EDC9E92E1EA5FF2500A47A4B /* Base */,
			);
			name = Main.storyboard;
			sourceTree = "<group>";
		};
		EDC9E9321EA5FF2500A47A4B /* LaunchScreen.storyboard */ = {
			isa = PBXVariantGroup;
			children = (
				EDC9E9331EA5FF2500A47A4B /* Base */,
			);
			name = LaunchScreen.storyboard;
			sourceTree = "<group>";
		};
/* End PBXVariantGroup section */

/* Begin XCBuildConfiguration section */
		EDC9E9361EA5FF2500A47A4B /* Debug */ = {
			isa = XCBuildConfiguration;
			buildSettings = {
				ALWAYS_SEARCH_USER_PATHS = NO;
				CLANG_ANALYZER_NONNULL = YES;
				CLANG_ANALYZER_NUMBER_OBJECT_CONVERSION = YES_AGGRESSIVE;
				CLANG_CXX_LANGUAGE_STANDARD = "gnu++0x";
				CLANG_CXX_LIBRARY = "libc++";
				CLANG_ENABLE_MODULES = YES;
				CLANG_ENABLE_OBJC_ARC = YES;
				CLANG_WARN_BOOL_CONVERSION = YES;
				CLANG_WARN_CONSTANT_CONVERSION = YES;
				CLANG_WARN_DIRECT_OBJC_ISA_USAGE = YES_ERROR;
				CLANG_WARN_DOCUMENTATION_COMMENTS = YES;
				CLANG_WARN_EMPTY_BODY = YES;
				CLANG_WARN_ENUM_CONVERSION = YES;
				CLANG_WARN_INFINITE_RECURSION = YES;
				CLANG_WARN_INT_CONVERSION = YES;
				CLANG_WARN_OBJC_ROOT_CLASS = YES_ERROR;
				CLANG_WARN_SUSPICIOUS_MOVE = YES;
				CLANG_WARN_UNREACHABLE_CODE = YES;
				CLANG_WARN__DUPLICATE_METHOD_MATCH = YES;
				"CODE_SIGN_IDENTITY[sdk=iphoneos*]" = "iPhone Developer";
				COPY_PHASE_STRIP = NO;
				DEBUG_INFORMATION_FORMAT = dwarf;
				ENABLE_STRICT_OBJC_MSGSEND = YES;
				ENABLE_TESTABILITY = YES;
				GCC_C_LANGUAGE_STANDARD = gnu99;
				GCC_DYNAMIC_NO_PIC = NO;
				GCC_NO_COMMON_BLOCKS = YES;
				GCC_OPTIMIZATION_LEVEL = 0;
				GCC_PREPROCESSOR_DEFINITIONS = (
					"DEBUG=1",
					"$(inherited)",
				);
				GCC_WARN_64_TO_32_BIT_CONVERSION = YES;
				GCC_WARN_ABOUT_RETURN_TYPE = YES_ERROR;
				GCC_WARN_UNDECLARED_SELECTOR = YES;
				GCC_WARN_UNINITIALIZED_AUTOS = YES_AGGRESSIVE;
				GCC_WARN_UNUSED_FUNCTION = YES;
				GCC_WARN_UNUSED_VARIABLE = YES;
				IPHONEOS_DEPLOYMENT_TARGET = 10.3;
				MTL_ENABLE_DEBUG_INFO = YES;
				ONLY_ACTIVE_ARCH = YES;
				SDKROOT = iphoneos;
			};
			name = Debug;
		};
		EDC9E9371EA5FF2500A47A4B /* Release */ = {
			isa = XCBuildConfiguration;
			buildSettings = {
				ALWAYS_SEARCH_USER_PATHS = NO;
				CLANG_ANALYZER_NONNULL = YES;
				CLANG_ANALYZER_NUMBER_OBJECT_CONVERSION = YES_AGGRESSIVE;
				CLANG_CXX_LANGUAGE_STANDARD = "gnu++0x";
				CLANG_CXX_LIBRARY = "libc++";
				CLANG_ENABLE_MODULES = YES;
				CLANG_ENABLE_OBJC_ARC = YES;
				CLANG_WARN_BOOL_CONVERSION = YES;
				CLANG_WARN_CONSTANT_CONVERSION = YES;
				CLANG_WARN_DIRECT_OBJC_ISA_USAGE = YES_ERROR;
				CLANG_WARN_DOCUMENTATION_COMMENTS = YES;
				CLANG_WARN_EMPTY_BODY = YES;
				CLANG_WARN_ENUM_CONVERSION = YES;
				CLANG_WARN_INFINITE_RECURSION = YES;
				CLANG_WARN_INT_CONVERSION = YES;
				CLANG_WARN_OBJC_ROOT_CLASS = YES_ERROR;
				CLANG_WARN_SUSPICIOUS_MOVE = YES;
				CLANG_WARN_UNREACHABLE_CODE = YES;
				CLANG_WARN__DUPLICATE_METHOD_MATCH = YES;
				"CODE_SIGN_IDENTITY[sdk=iphoneos*]" = "iPhone Developer";
				COPY_PHASE_STRIP = NO;
				DEBUG_INFORMATION_FORMAT = "dwarf-with-dsym";
				ENABLE_NS_ASSERTIONS = NO;
				ENABLE_STRICT_OBJC_MSGSEND = YES;
				GCC_C_LANGUAGE_STANDARD = gnu99;
				GCC_NO_COMMON_BLOCKS = YES;
				GCC_WARN_64_TO_32_BIT_CONVERSION = YES;
				GCC_WARN_ABOUT_RETURN_TYPE = YES_ERROR;
				GCC_WARN_UNDECLARED_SELECTOR = YES;
				GCC_WARN_UNINITIALIZED_AUTOS = YES_AGGRESSIVE;
				GCC_WARN_UNUSED_FUNCTION = YES;
				GCC_WARN_UNUSED_VARIABLE = YES;
				IPHONEOS_DEPLOYMENT_TARGET = 10.3;
				MTL_ENABLE_DEBUG_INFO = NO;
				SDKROOT = iphoneos;
				VALIDATE_PRODUCT = YES;
			};
			name = Release;
		};
		EDC9E9391EA5FF2500A47A4B /* Debug */ = {
			isa = XCBuildConfiguration;
			buildSettings = {
				ASSETCATALOG_COMPILER_APPICON_NAME = AppIcon;
				DEVELOPMENT_TEAM = 3N836J987U;
				INFOPLIST_FILE = RLQuickLoginHelper/Info.plist;
				LD_RUNPATH_SEARCH_PATHS = "$(inherited) @executable_path/Frameworks";
				PRODUCT_BUNDLE_IDENTIFIER = RL.RLQuickLoginHelper;
				PRODUCT_NAME = "$(TARGET_NAME)";
			};
			name = Debug;
		};
		EDC9E93A1EA5FF2500A47A4B /* Release */ = {
			isa = XCBuildConfiguration;
			buildSettings = {
				ASSETCATALOG_COMPILER_APPICON_NAME = AppIcon;
				DEVELOPMENT_TEAM = 3N836J987U;
				INFOPLIST_FILE = RLQuickLoginHelper/Info.plist;
				LD_RUNPATH_SEARCH_PATHS = "$(inherited) @executable_path/Frameworks";
				PRODUCT_BUNDLE_IDENTIFIER = RL.RLQuickLoginHelper;
				PRODUCT_NAME = "$(TARGET_NAME)";
			};
			name = Release;
		};
/* End XCBuildConfiguration section */

/* Begin XCConfigurationList section */
		EDC9E91C1EA5FF2500A47A4B /* Build configuration list for PBXProject "RLQuickLoginHelper" */ = {
			isa = XCConfigurationList;
			buildConfigurations = (
				EDC9E9361EA5FF2500A47A4B /* Debug */,
				EDC9E9371EA5FF2500A47A4B /* Release */,
			);
			defaultConfigurationIsVisible = 0;
			defaultConfigurationName = Release;
		};
		EDC9E9381EA5FF2500A47A4B /* Build configuration list for PBXNativeTarget "RLQuickLoginHelper" */ = {
			isa = XCConfigurationList;
			buildConfigurations = (
				EDC9E9391EA5FF2500A47A4B /* Debug */,
				EDC9E93A1EA5FF2500A47A4B /* Release */,
			);
			defaultConfigurationIsVisible = 0;
		};
/* End XCConfigurationList section */
	};
	rootObject = EDC9E9191EA5FF2500A47A4B /* Project object */;
}
